
Microsoft Visual Studio Solution File, Format Version 12.00
# Visual Studio 15
VisualStudioVersion = 15.0.26430.16
MinimumVisualStudioVersion = 10.0.40219.1
Project("{FAE04EC0-301F-11D3-BF4B-00C04F79EFBC}") = "MVC_Sumeet_Crud", "MVC_Sumeet_Crud\MVC_Sumeet_Crud.csproj", "{D313B19E-7D93-4F0B-9538-21E37791DA4E}"
EndProject
Project("{FAE04EC0-301F-11D3-BF4B-00C04F79EFBC}") = "MVC_Sumeet_Crud.Models", "MVC_Sumeet_Crud.Models\MVC_Sumeet_Crud.Models.csproj", "{D43A6F47-13D8-4571-A863-C385577815D0}"
EndProject
Global
	GlobalSection(SolutionConfigurationPlatforms) = preSolution
		Debug|Any CPU = Debug|Any CPU
		Release|Any CPU = Release|Any CPU
	EndGlobalSection
	GlobalSection(ProjectConfigurationPlatforms) = postSolution
		{D313B19E-7D93-4F0B-9538-21E37791DA4E}.Debug|Any CPU.ActiveCfg = Debug|Any CPU
		{D313B19E-7D93-4F0B-9538-21E37791DA4E}.Debug|Any CPU.Build.0 = Debug|Any CPU
		{D313B19E-7D93-4F0B-9538-21E37791DA4E}.Release|Any CPU.ActiveCfg = Release|Any CPU
		{D313B19E-7D93-4F0B-9538-21E37791DA4E}.Release|Any CPU.Build.0 = Release|Any CPU
		{D43A6F47-13D8-4571-A863-C385577815D0}.Debug|Any CPU.ActiveCfg = Debug|Any CPU
		{D43A6F47-13D8-4571-A863-C385577815D0}.Debug|Any CPU.Build.0 = Debug|Any CPU
		{D43A6F47-13D8-4571-A863-C385577815D0}.Release|Any CPU.ActiveCfg = Release|Any CPU
		{D43A6F47-13D8-4571-A863-C385577815D0}.Release|Any CPU.Build.0 = Release|Any CPU
	EndGlobalSection
	GlobalSection(SolutionProperties) = preSolution
		HideSolutionNode = FALSE
	EndGlobalSection
EndGlobal
